
Microsoft Visual Studio Solution File, Format Version 12.00
# Visual Studio Version 17
VisualStudioVersion = 17.10.35013.160
MinimumVisualStudioVersion = 10.0.40219.1
Project("{FAE04EC0-301F-11D3-BF4B-00C04F79EFBC}") = "FreeThrowTracking", "FreeThrowTracking.csproj", "{6747120D-A35D-48FB-9F71-4BBCE4B6D699}"
EndProject
Global
	GlobalSection(SolutionConfigurationPlatforms) = preSolution
		Debug|Any CPU = Debug|Any CPU
		Release|Any CPU = Release|Any CPU
	EndGlobalSection
	GlobalSection(ProjectConfigurationPlatforms) = postSolution
		{6747120D-A35D-48FB-9F71-4BBCE4B6D699}.Debug|Any CPU.ActiveCfg = Debug|Any CPU
		{6747120D-A35D-48FB-9F71-4BBCE4B6D699}.Debug|Any CPU.Build.0 = Debug|Any CPU
		{6747120D-A35D-48FB-9F71-4BBCE4B6D699}.Debug|Any CPU.Deploy.0 = Debug|Any CPU
		{6747120D-A35D-48FB-9F71-4BBCE4B6D699}.Release|Any CPU.ActiveCfg = Release|Any CPU
		{6747120D-A35D-48FB-9F71-4BBCE4B6D699}.Release|Any CPU.Build.0 = Release|Any CPU
		{6747120D-A35D-48FB-9F71-4BBCE4B6D699}.Release|Any CPU.Deploy.0 = Release|Any CPU
	EndGlobalSection
	GlobalSection(SolutionProperties) = preSolution
		HideSolutionNode = FALSE
	EndGlobalSection
	GlobalSection(ExtensibilityGlobals) = postSolution
		SolutionGuid = {4B99602E-DCAC-4404-AD08-16B775178B85}
	EndGlobalSection
EndGlobal
